
Microsoft Visual Studio Solution File, Format Version 12.00
# Visual Studio Version 17
VisualStudioVersion = 17.4.33403.182
MinimumVisualStudioVersion = 10.0.40219.1
Project("{FAE04EC0-301F-11D3-BF4B-00C04F79EFBC}") = "Take.API.TesteDEV", "Take.API.TesteDEV\Take.API.TesteDEV.csproj", "{38DC5E6C-4429-4563-A41B-96DE0D113EA1}"
EndProject
Global
	GlobalSection(SolutionConfigurationPlatforms) = preSolution
		Debug|Any CPU = Debug|Any CPU
		Release|Any CPU = Release|Any CPU
	EndGlobalSection
	GlobalSection(ProjectConfigurationPlatforms) = postSolution
		{38DC5E6C-4429-4563-A41B-96DE0D113EA1}.Debug|Any CPU.ActiveCfg = Debug|Any CPU
		{38DC5E6C-4429-4563-A41B-96DE0D113EA1}.Debug|Any CPU.Build.0 = Debug|Any CPU
		{38DC5E6C-4429-4563-A41B-96DE0D113EA1}.Release|Any CPU.ActiveCfg = Release|Any CPU
		{38DC5E6C-4429-4563-A41B-96DE0D113EA1}.Release|Any CPU.Build.0 = Release|Any CPU
	EndGlobalSection
	GlobalSection(SolutionProperties) = preSolution
		HideSolutionNode = FALSE
	EndGlobalSection
	GlobalSection(ExtensibilityGlobals) = postSolution
		SolutionGuid = {57F65B66-9825-4E59-820D-6EB87BE3C8EB}
	EndGlobalSection
EndGlobal
